{
  "pid": 26065,
  "status": "completed",
  "start_time": 1758727381,
  "last_update": 1758727384,
  "progress": {
    "current_shard": 1,
    "current_block": 5000006,
    "total_blocks_processed": 6,
    "total_messages_processed": 0,
    "sync_range": {
      "from_block": 5000000,
      "to_block": 5000005
    }
  },
  "error_message": null
}