{
  "pid": 33036,
  "status": "running",
  "start_time": 1760104209,
  "last_update": 1760112676,
  "progress": {
    "current_shard": 1,
    "current_block": 55818,
    "total_blocks_processed": 55818,
    "total_messages_processed": 0,
    "sync_range": {
      "from_block": 0,
      "to_block": null
    }
  },
  "error_message": null
}